
Microsoft Visual Studio Solution File, Format Version 12.00
# Visual Studio Version 17
VisualStudioVersion = 17.5.33516.290
MinimumVisualStudioVersion = 10.0.40219.1
Project("{FAE04EC0-301F-11D3-BF4B-00C04F79EFBC}") = "APISantiago", "APISantiago\APISantiago.csproj", "{2594537E-1A25-4E6D-B4AB-5963812219E3}"
EndProject
Global
	GlobalSection(SolutionConfigurationPlatforms) = preSolution
		Debug|Any CPU = Debug|Any CPU
		Release|Any CPU = Release|Any CPU
	EndGlobalSection
	GlobalSection(ProjectConfigurationPlatforms) = postSolution
		{2594537E-1A25-4E6D-B4AB-5963812219E3}.Debug|Any CPU.ActiveCfg = Debug|Any CPU
		{2594537E-1A25-4E6D-B4AB-5963812219E3}.Debug|Any CPU.Build.0 = Debug|Any CPU
		{2594537E-1A25-4E6D-B4AB-5963812219E3}.Release|Any CPU.ActiveCfg = Release|Any CPU
		{2594537E-1A25-4E6D-B4AB-5963812219E3}.Release|Any CPU.Build.0 = Release|Any CPU
	EndGlobalSection
	GlobalSection(SolutionProperties) = preSolution
		HideSolutionNode = FALSE
	EndGlobalSection
	GlobalSection(ExtensibilityGlobals) = postSolution
		SolutionGuid = {DE921608-5B36-4066-BDC3-470511A8D1EA}
	EndGlobalSection
EndGlobal
